
Microsoft Visual Studio Solution File, Format Version 12.00
# Visual Studio Version 16
VisualStudioVersion = 16.0.30104.148
MinimumVisualStudioVersion = 10.0.40219.1
Project("{FAE04EC0-301F-11D3-BF4B-00C04F79EFBC}") = "vroom", "vroom\vroom.csproj", "{F58D310E-5477-4F06-823E-440189103046}"
EndProject
Global
	GlobalSection(SolutionConfigurationPlatforms) = preSolution
		Debug|Any CPU = Debug|Any CPU
		Release|Any CPU = Release|Any CPU
	EndGlobalSection
	GlobalSection(ProjectConfigurationPlatforms) = postSolution
		{F58D310E-5477-4F06-823E-440189103046}.Debug|Any CPU.ActiveCfg = Debug|Any CPU
		{F58D310E-5477-4F06-823E-440189103046}.Debug|Any CPU.Build.0 = Debug|Any CPU
		{F58D310E-5477-4F06-823E-440189103046}.Release|Any CPU.ActiveCfg = Release|Any CPU
		{F58D310E-5477-4F06-823E-440189103046}.Release|Any CPU.Build.0 = Release|Any CPU
	EndGlobalSection
	GlobalSection(SolutionProperties) = preSolution
		HideSolutionNode = FALSE
	EndGlobalSection
	GlobalSection(ExtensibilityGlobals) = postSolution
		SolutionGuid = {DD6FB922-91A8-4614-AA60-19D3E8D39E93}
	EndGlobalSection
EndGlobal
